
Microsoft Visual Studio Solution File, Format Version 12.00
# Visual Studio Version 16
VisualStudioVersion = 16.0.29613.14
MinimumVisualStudioVersion = 10.0.40219.1
Project("{9A19103F-16F7-4668-BE54-9A1E7A4F7556}") = "RockPaperScissorGameBot", "RockPaperScissorGameBot\RockPaperScissorGameBot.csproj", "{FCB370E9-941D-4067-A9D5-74A82027A022}"
EndProject
Project("{2150E333-8FDC-42A3-9474-1A3956D46DE8}") = "Solution Items", "Solution Items", "{179F75D1-A5A1-42AE-8768-0DA075711EAF}"
	ProjectSection(SolutionItems) = preProject
		.editorconfig = .editorconfig
	EndProjectSection
EndProject
Project("{9A19103F-16F7-4668-BE54-9A1E7A4F7556}") = "SuggestedActionsToCardActions", "SuggestedActionsToCardActions\SuggestedActionsToCardActions.csproj", "{28005F00-47CE-48AF-8946-0CC8F7364AFB}"
EndProject
Project("{FAE04EC0-301F-11D3-BF4B-00C04F79EFBC}") = "AdapativeCardExperiments", "AdapativeCardExperiments\AdapativeCardExperiments.csproj", "{3483847C-2250-417A-B834-0B413CD8B2DF}"
EndProject
Global
	GlobalSection(SolutionConfigurationPlatforms) = preSolution
		Debug|Any CPU = Debug|Any CPU
		Release|Any CPU = Release|Any CPU
	EndGlobalSection
	GlobalSection(ProjectConfigurationPlatforms) = postSolution
		{FCB370E9-941D-4067-A9D5-74A82027A022}.Debug|Any CPU.ActiveCfg = Debug|Any CPU
		{FCB370E9-941D-4067-A9D5-74A82027A022}.Debug|Any CPU.Build.0 = Debug|Any CPU
		{FCB370E9-941D-4067-A9D5-74A82027A022}.Release|Any CPU.ActiveCfg = Release|Any CPU
		{FCB370E9-941D-4067-A9D5-74A82027A022}.Release|Any CPU.Build.0 = Release|Any CPU
		{28005F00-47CE-48AF-8946-0CC8F7364AFB}.Debug|Any CPU.ActiveCfg = Debug|Any CPU
		{28005F00-47CE-48AF-8946-0CC8F7364AFB}.Debug|Any CPU.Build.0 = Debug|Any CPU
		{28005F00-47CE-48AF-8946-0CC8F7364AFB}.Release|Any CPU.ActiveCfg = Release|Any CPU
		{28005F00-47CE-48AF-8946-0CC8F7364AFB}.Release|Any CPU.Build.0 = Release|Any CPU
		{3483847C-2250-417A-B834-0B413CD8B2DF}.Debug|Any CPU.ActiveCfg = Debug|Any CPU
		{3483847C-2250-417A-B834-0B413CD8B2DF}.Debug|Any CPU.Build.0 = Debug|Any CPU
		{3483847C-2250-417A-B834-0B413CD8B2DF}.Release|Any CPU.ActiveCfg = Release|Any CPU
		{3483847C-2250-417A-B834-0B413CD8B2DF}.Release|Any CPU.Build.0 = Release|Any CPU
	EndGlobalSection
	GlobalSection(SolutionProperties) = preSolution
		HideSolutionNode = FALSE
	EndGlobalSection
	GlobalSection(ExtensibilityGlobals) = postSolution
		SolutionGuid = {F4F50A37-EE2E-47FA-AC0D-F3EE70314EA7}
	EndGlobalSection
EndGlobal
